
Microsoft Visual Studio Solution File, Format Version 12.00
Project("{FAE04EC0-301F-11D3-BF4B-00C04F79EFBC}") = "CpuLoader", "CpuLoader\CpuLoader.csproj", "{64ABA571-AE73-44DB-92C8-FA4B99C7F905}"
EndProject
Global
	GlobalSection(SolutionConfigurationPlatforms) = preSolution
		Debug|Any CPU = Debug|Any CPU
		Release|Any CPU = Release|Any CPU
	EndGlobalSection
	GlobalSection(ProjectConfigurationPlatforms) = postSolution
		{64ABA571-AE73-44DB-92C8-FA4B99C7F905}.Debug|Any CPU.ActiveCfg = Debug|Any CPU
		{64ABA571-AE73-44DB-92C8-FA4B99C7F905}.Debug|Any CPU.Build.0 = Debug|Any CPU
		{64ABA571-AE73-44DB-92C8-FA4B99C7F905}.Release|Any CPU.ActiveCfg = Release|Any CPU
		{64ABA571-AE73-44DB-92C8-FA4B99C7F905}.Release|Any CPU.Build.0 = Release|Any CPU
	EndGlobalSection
EndGlobal
